
Microsoft Visual Studio Solution File, Format Version 12.00
# Visual Studio 15
VisualStudioVersion = 15.0.28010.2036
MinimumVisualStudioVersion = 10.0.40219.1
Project("{FAE04EC0-301F-11D3-BF4B-00C04F79EFBC}") = "5202Assignment", "5202Assignment\5202Assignment.csproj", "{3DEA9F12-771E-40CF-A846-948B1DCBA81A}"
EndProject
Global
	GlobalSection(SolutionConfigurationPlatforms) = preSolution
		Debug|Any CPU = Debug|Any CPU
		Release|Any CPU = Release|Any CPU
	EndGlobalSection
	GlobalSection(ProjectConfigurationPlatforms) = postSolution
		{3DEA9F12-771E-40CF-A846-948B1DCBA81A}.Debug|Any CPU.ActiveCfg = Debug|Any CPU
		{3DEA9F12-771E-40CF-A846-948B1DCBA81A}.Debug|Any CPU.Build.0 = Debug|Any CPU
		{3DEA9F12-771E-40CF-A846-948B1DCBA81A}.Release|Any CPU.ActiveCfg = Release|Any CPU
		{3DEA9F12-771E-40CF-A846-948B1DCBA81A}.Release|Any CPU.Build.0 = Release|Any CPU
	EndGlobalSection
	GlobalSection(SolutionProperties) = preSolution
		HideSolutionNode = FALSE
	EndGlobalSection
	GlobalSection(ExtensibilityGlobals) = postSolution
		SolutionGuid = {8D617968-988E-4F20-A5A2-87E924BF3A6F}
	EndGlobalSection
EndGlobal
